
Microsoft Visual Studio Solution File, Format Version 12.00
# Visual Studio Version 17
VisualStudioVersion = 17.14.36518.9 d17.14
MinimumVisualStudioVersion = 10.0.40219.1
Project("{FAE04EC0-301F-11D3-BF4B-00C04F79EFBC}") = "ExcelWorkbook", "ExcelWorkbook\ExcelWorkbook.csproj", "{87D2F250-2AD1-A7BB-507F-D5AAE9EA5F06}"
EndProject
Global
	GlobalSection(SolutionConfigurationPlatforms) = preSolution
		Debug|Any CPU = Debug|Any CPU
		Release|Any CPU = Release|Any CPU
	EndGlobalSection
	GlobalSection(ProjectConfigurationPlatforms) = postSolution
		{87D2F250-2AD1-A7BB-507F-D5AAE9EA5F06}.Debug|Any CPU.ActiveCfg = Debug|Any CPU
		{87D2F250-2AD1-A7BB-507F-D5AAE9EA5F06}.Debug|Any CPU.Build.0 = Debug|Any CPU
		{87D2F250-2AD1-A7BB-507F-D5AAE9EA5F06}.Release|Any CPU.ActiveCfg = Release|Any CPU
		{87D2F250-2AD1-A7BB-507F-D5AAE9EA5F06}.Release|Any CPU.Build.0 = Release|Any CPU
	EndGlobalSection
	GlobalSection(SolutionProperties) = preSolution
		HideSolutionNode = FALSE
	EndGlobalSection
	GlobalSection(ExtensibilityGlobals) = postSolution
		SolutionGuid = {7EFDF226-204D-464F-B1C5-A7C669525B57}
	EndGlobalSection
EndGlobal
